
Microsoft Visual Studio Solution File, Format Version 12.00
# Visual Studio 2012
Project("{FAE04EC0-301F-11D3-BF4B-00C04F79EFBC}") = "10001st prime", "10001st prime\10001st prime.csproj", "{EAF99781-4961-4993-8162-5604F30342B2}"
EndProject
Global
	GlobalSection(SolutionConfigurationPlatforms) = preSolution
		Debug|Any CPU = Debug|Any CPU
		Release|Any CPU = Release|Any CPU
	EndGlobalSection
	GlobalSection(ProjectConfigurationPlatforms) = postSolution
		{EAF99781-4961-4993-8162-5604F30342B2}.Debug|Any CPU.ActiveCfg = Debug|Any CPU
		{EAF99781-4961-4993-8162-5604F30342B2}.Debug|Any CPU.Build.0 = Debug|Any CPU
		{EAF99781-4961-4993-8162-5604F30342B2}.Release|Any CPU.ActiveCfg = Release|Any CPU
		{EAF99781-4961-4993-8162-5604F30342B2}.Release|Any CPU.Build.0 = Release|Any CPU
	EndGlobalSection
	GlobalSection(SolutionProperties) = preSolution
		HideSolutionNode = FALSE
	EndGlobalSection
EndGlobal
